
Microsoft Visual Studio Solution File, Format Version 12.00
# Visual Studio Version 16
VisualStudioVersion = 16.0.30114.105
MinimumVisualStudioVersion = 10.0.40219.1
Project("{9A19103F-16F7-4668-BE54-9A1E7A4F7556}") = "VoxCake.Common", "VoxCake.Common.csproj", "{57E3549F-2101-454E-AC9F-69A18CB47FAE}"
EndProject
Global
	GlobalSection(SolutionConfigurationPlatforms) = preSolution
		Debug|Any CPU = Debug|Any CPU
		Release|Any CPU = Release|Any CPU
	EndGlobalSection
	GlobalSection(ProjectConfigurationPlatforms) = postSolution
		{57E3549F-2101-454E-AC9F-69A18CB47FAE}.Debug|Any CPU.ActiveCfg = Debug|Any CPU
		{57E3549F-2101-454E-AC9F-69A18CB47FAE}.Debug|Any CPU.Build.0 = Debug|Any CPU
		{57E3549F-2101-454E-AC9F-69A18CB47FAE}.Release|Any CPU.ActiveCfg = Release|Any CPU
		{57E3549F-2101-454E-AC9F-69A18CB47FAE}.Release|Any CPU.Build.0 = Release|Any CPU
	EndGlobalSection
	GlobalSection(SolutionProperties) = preSolution
		HideSolutionNode = FALSE
	EndGlobalSection
	GlobalSection(ExtensibilityGlobals) = postSolution
		SolutionGuid = {AC38BC2A-100B-4867-8B02-201E524352E6}
	EndGlobalSection
EndGlobal
